
Microsoft Visual Studio Solution File, Format Version 12.00
# Visual Studio 15
VisualStudioVersion = 15.0.26730.16
MinimumVisualStudioVersion = 10.0.40219.1
Project("{FAE04EC0-301F-11D3-BF4B-00C04F79EFBC}") = "Xamarin.ArthurHub.Android-Image-Cropper", "Xamarin.ArthurHub.Android-Image-Cropper\Xamarin.ArthurHub.Android-Image-Cropper.csproj", "{A89AD2D5-7334-4647-AA05-4B469AB2EEF3}"
EndProject
Global
	GlobalSection(SolutionConfigurationPlatforms) = preSolution
		Debug|Any CPU = Debug|Any CPU
		Release|Any CPU = Release|Any CPU
	EndGlobalSection
	GlobalSection(ProjectConfigurationPlatforms) = postSolution
		{A89AD2D5-7334-4647-AA05-4B469AB2EEF3}.Debug|Any CPU.ActiveCfg = Debug|Any CPU
		{A89AD2D5-7334-4647-AA05-4B469AB2EEF3}.Debug|Any CPU.Build.0 = Debug|Any CPU
		{A89AD2D5-7334-4647-AA05-4B469AB2EEF3}.Release|Any CPU.ActiveCfg = Release|Any CPU
		{A89AD2D5-7334-4647-AA05-4B469AB2EEF3}.Release|Any CPU.Build.0 = Release|Any CPU
	EndGlobalSection
	GlobalSection(SolutionProperties) = preSolution
		HideSolutionNode = FALSE
	EndGlobalSection
	GlobalSection(ExtensibilityGlobals) = postSolution
		SolutionGuid = {7D099FA0-7D9C-4F35-9E5D-27A0AF6418CB}
	EndGlobalSection
EndGlobal
